
Microsoft Visual Studio Solution File, Format Version 12.00
# Visual Studio Version 16
VisualStudioVersion = 16.0.31402.337
MinimumVisualStudioVersion = 10.0.40219.1
Project("{9A19103F-16F7-4668-BE54-9A1E7A4F7556}") = "DataAccess", "D-Studio\DataAccessStab\DataAccess.csproj", "{C43F639C-32E4-4AC9-A5A9-6BD42FAD790B}"
EndProject
Project("{9A19103F-16F7-4668-BE54-9A1E7A4F7556}") = "Electronic_Invoice", "D-Studio\EInvoice\Electronic_Invoice.csproj", "{E90CFA30-F9F5-4ECE-9523-C068BE5435E9}"
EndProject
Project("{9A19103F-16F7-4668-BE54-9A1E7A4F7556}") = "UseCases", "D-Studio\UseCases\UseCases.csproj", "{CD7D6D36-3258-4C5B-814F-5D44EA12BF88}"
EndProject
Project("{9A19103F-16F7-4668-BE54-9A1E7A4F7556}") = "InvoiceApi", "D-Studio\InvoiceApi\InvoiceApi.csproj", "{BC25AC81-05A2-4970-BCA6-0BE26518D4DF}"
EndProject
Global
	GlobalSection(SolutionConfigurationPlatforms) = preSolution
		Debug|Any CPU = Debug|Any CPU
		Release|Any CPU = Release|Any CPU
	EndGlobalSection
	GlobalSection(ProjectConfigurationPlatforms) = postSolution
		{C43F639C-32E4-4AC9-A5A9-6BD42FAD790B}.Debug|Any CPU.ActiveCfg = Debug|Any CPU
		{C43F639C-32E4-4AC9-A5A9-6BD42FAD790B}.Debug|Any CPU.Build.0 = Debug|Any CPU
		{C43F639C-32E4-4AC9-A5A9-6BD42FAD790B}.Release|Any CPU.ActiveCfg = Release|Any CPU
		{C43F639C-32E4-4AC9-A5A9-6BD42FAD790B}.Release|Any CPU.Build.0 = Release|Any CPU
		{E90CFA30-F9F5-4ECE-9523-C068BE5435E9}.Debug|Any CPU.ActiveCfg = Debug|Any CPU
		{E90CFA30-F9F5-4ECE-9523-C068BE5435E9}.Debug|Any CPU.Build.0 = Debug|Any CPU
		{E90CFA30-F9F5-4ECE-9523-C068BE5435E9}.Release|Any CPU.ActiveCfg = Release|Any CPU
		{E90CFA30-F9F5-4ECE-9523-C068BE5435E9}.Release|Any CPU.Build.0 = Release|Any CPU
		{CD7D6D36-3258-4C5B-814F-5D44EA12BF88}.Debug|Any CPU.ActiveCfg = Debug|Any CPU
		{CD7D6D36-3258-4C5B-814F-5D44EA12BF88}.Debug|Any CPU.Build.0 = Debug|Any CPU
		{CD7D6D36-3258-4C5B-814F-5D44EA12BF88}.Release|Any CPU.ActiveCfg = Release|Any CPU
		{CD7D6D36-3258-4C5B-814F-5D44EA12BF88}.Release|Any CPU.Build.0 = Release|Any CPU
		{BC25AC81-05A2-4970-BCA6-0BE26518D4DF}.Debug|Any CPU.ActiveCfg = Debug|Any CPU
		{BC25AC81-05A2-4970-BCA6-0BE26518D4DF}.Debug|Any CPU.Build.0 = Debug|Any CPU
		{BC25AC81-05A2-4970-BCA6-0BE26518D4DF}.Release|Any CPU.ActiveCfg = Release|Any CPU
		{BC25AC81-05A2-4970-BCA6-0BE26518D4DF}.Release|Any CPU.Build.0 = Release|Any CPU
	EndGlobalSection
	GlobalSection(SolutionProperties) = preSolution
		HideSolutionNode = FALSE
	EndGlobalSection
	GlobalSection(ExtensibilityGlobals) = postSolution
		SolutionGuid = {1721E310-86A3-4030-87A6-62F334CD0BA2}
	EndGlobalSection
EndGlobal
