
Microsoft Visual Studio Solution File, Format Version 12.00
# Visual Studio Version 16
VisualStudioVersion = 16.0.31402.337
MinimumVisualStudioVersion = 10.0.40219.1
Project("{9A19103F-16F7-4668-BE54-9A1E7A4F7556}") = "Electronic_Invoice", "..\EInvoice\Electronic_Invoice.csproj", "{F23DE30A-499A-4E3D-BD26-2B9C79CC9C16}"
EndProject
Project("{9A19103F-16F7-4668-BE54-9A1E7A4F7556}") = "UseCases", "..\UseCases\UseCases.csproj", "{EE949174-DE66-4267-83A9-99EBE3F4FFCD}"
EndProject
Project("{9A19103F-16F7-4668-BE54-9A1E7A4F7556}") = "InvoiceApi", "..\InvoiceApi\InvoiceApi.csproj", "{09611CBD-67DF-4CD2-A1F4-9A8E7AB9FDCE}"
EndProject
Project("{9A19103F-16F7-4668-BE54-9A1E7A4F7556}") = "DataAccess", "..\DataAccessStab\DataAccess.csproj", "{24DD44F7-E525-4C84-9B6D-652EF9D0443B}"
EndProject
Global
	GlobalSection(SolutionConfigurationPlatforms) = preSolution
		Debug|Any CPU = Debug|Any CPU
		Release|Any CPU = Release|Any CPU
	EndGlobalSection
	GlobalSection(ProjectConfigurationPlatforms) = postSolution
		{F23DE30A-499A-4E3D-BD26-2B9C79CC9C16}.Debug|Any CPU.ActiveCfg = Debug|Any CPU
		{F23DE30A-499A-4E3D-BD26-2B9C79CC9C16}.Debug|Any CPU.Build.0 = Debug|Any CPU
		{F23DE30A-499A-4E3D-BD26-2B9C79CC9C16}.Release|Any CPU.ActiveCfg = Release|Any CPU
		{F23DE30A-499A-4E3D-BD26-2B9C79CC9C16}.Release|Any CPU.Build.0 = Release|Any CPU
		{EE949174-DE66-4267-83A9-99EBE3F4FFCD}.Debug|Any CPU.ActiveCfg = Debug|Any CPU
		{EE949174-DE66-4267-83A9-99EBE3F4FFCD}.Debug|Any CPU.Build.0 = Debug|Any CPU
		{EE949174-DE66-4267-83A9-99EBE3F4FFCD}.Release|Any CPU.ActiveCfg = Release|Any CPU
		{EE949174-DE66-4267-83A9-99EBE3F4FFCD}.Release|Any CPU.Build.0 = Release|Any CPU
		{09611CBD-67DF-4CD2-A1F4-9A8E7AB9FDCE}.Debug|Any CPU.ActiveCfg = Debug|Any CPU
		{09611CBD-67DF-4CD2-A1F4-9A8E7AB9FDCE}.Debug|Any CPU.Build.0 = Debug|Any CPU
		{09611CBD-67DF-4CD2-A1F4-9A8E7AB9FDCE}.Release|Any CPU.ActiveCfg = Release|Any CPU
		{09611CBD-67DF-4CD2-A1F4-9A8E7AB9FDCE}.Release|Any CPU.Build.0 = Release|Any CPU
		{24DD44F7-E525-4C84-9B6D-652EF9D0443B}.Debug|Any CPU.ActiveCfg = Debug|Any CPU
		{24DD44F7-E525-4C84-9B6D-652EF9D0443B}.Debug|Any CPU.Build.0 = Debug|Any CPU
		{24DD44F7-E525-4C84-9B6D-652EF9D0443B}.Release|Any CPU.ActiveCfg = Release|Any CPU
		{24DD44F7-E525-4C84-9B6D-652EF9D0443B}.Release|Any CPU.Build.0 = Release|Any CPU
	EndGlobalSection
	GlobalSection(SolutionProperties) = preSolution
		HideSolutionNode = FALSE
	EndGlobalSection
	GlobalSection(ExtensibilityGlobals) = postSolution
		SolutionGuid = {1721E310-86A3-4030-87A6-62F334CD0BA2}
	EndGlobalSection
EndGlobal
